{
  "lockfileVersion": 1,
  "dependencies": {
    "moment": {
      "version": "2.19.1",
      "resolved": "https://registry.npmjs.org/moment/-/moment-2.19.1.tgz",
      "integrity": "sha1-VtoaLRy/AdOLfhr8McELz6GSkWc=",
      "optional": true
    },
    "pikaday": {
      "version": "1.6.1",
      "resolved": "https://registry.npmjs.org/pikaday/-/pikaday-1.6.1.tgz",
      "integrity": "sha512-B+pxVcSGuzLblMe4dnhCF3dnI2zkyj5GAqanGX9cVcOk90fp2ULo1OZFUPRXQXUE5tmcimnk1tPOFs8tUHQetQ=="
    }
  }
}
